// !$*UTF8*$!
{
	archiveVersion = 1;
	classes = {
	};
	objectVersion = 50;
	objects = {

/* Begin PBXBuildFile section */
		1DD4361834265BB45B8DAFFC /* Pods_RJRxSwift.framework in Frameworks */ = {isa = PBXBuildFile; fileRef = 305BB9D237E9D3DE1B41CEDF /* Pods_RJRxSwift.framework */; };
		56316DA021786863000893D9 /* TodoItemTableViewCell.swift in Sources */ = {isa = PBXBuildFile; fileRef = 56316D9F21786863000893D9 /* TodoItemTableViewCell.swift */; };
		56316DA221786EE6000893D9 /* TodoViewModel.swift in Sources */ = {isa = PBXBuildFile; fileRef = 56316DA121786EE6000893D9 /* TodoViewModel.swift */; };
		56CF1856214F84F300D7D3C5 /* TableViewModel.swift in Sources */ = {isa = PBXBuildFile; fileRef = 56CF1855214F84F300D7D3C5 /* TableViewModel.swift */; };
		56F8157A21426453006A3B58 /* AppDelegate.swift in Sources */ = {isa = PBXBuildFile; fileRef = 56F8157921426453006A3B58 /* AppDelegate.swift */; };
		56F8157C21426453006A3B58 /* MainViewController.swift in Sources */ = {isa = PBXBuildFile; fileRef = 56F8157B21426453006A3B58 /* MainViewController.swift */; };
		56F8157F21426453006A3B58 /* Main.storyboard in Resources */ = {isa = PBXBuildFile; fileRef = 56F8157D21426453006A3B58 /* Main.storyboard */; };
		56F8158121426454006A3B58 /* Assets.xcassets in Resources */ = {isa = PBXBuildFile; fileRef = 56F8158021426454006A3B58 /* Assets.xcassets */; };
		56F8158421426454006A3B58 /* LaunchScreen.storyboard in Resources */ = {isa = PBXBuildFile; fileRef = 56F8158221426454006A3B58 /* LaunchScreen.storyboard */; };
/* End PBXBuildFile section */

/* Begin PBXFileReference section */
		305BB9D237E9D3DE1B41CEDF /* Pods_RJRxSwift.framework */ = {isa = PBXFileReference; explicitFileType = wrapper.framework; includeInIndex = 0; path = Pods_RJRxSwift.framework; sourceTree = BUILT_PRODUCTS_DIR; };
		56316D9F21786863000893D9 /* TodoItemTableViewCell.swift */ = {isa = PBXFileReference; lastKnownFileType = sourcecode.swift; path = TodoItemTableViewCell.swift; sourceTree = "<group>"; };
		56316DA121786EE6000893D9 /* TodoViewModel.swift */ = {isa = PBXFileReference; lastKnownFileType = sourcecode.swift; path = TodoViewModel.swift; sourceTree = "<group>"; };
		56CF1855214F84F300D7D3C5 /* TableViewModel.swift */ = {isa = PBXFileReference; lastKnownFileType = sourcecode.swift; path = TableViewModel.swift; sourceTree = "<group>"; };
		56F8157621426453006A3B58 /* RJRxSwift.app */ = {isa = PBXFileReference; explicitFileType = wrapper.application; includeInIndex = 0; path = RJRxSwift.app; sourceTree = BUILT_PRODUCTS_DIR; };
		56F8157921426453006A3B58 /* AppDelegate.swift */ = {isa = PBXFileReference; lastKnownFileType = sourcecode.swift; path = AppDelegate.swift; sourceTree = "<group>"; };
		56F8157B21426453006A3B58 /* MainViewController.swift */ = {isa = PBXFileReference; lastKnownFileType = sourcecode.swift; path = MainViewController.swift; sourceTree = "<group>"; };
		56F8157E21426453006A3B58 /* Base */ = {isa = PBXFileReference; lastKnownFileType = file.storyboard; name = Base; path = Base.lproj/Main.storyboard; sourceTree = "<group>"; };
		56F8158021426454006A3B58 /* Assets.xcassets */ = {isa = PBXFileReference; lastKnownFileType = folder.assetcatalog; path = Assets.xcassets; sourceTree = "<group>"; };
		56F8158321426454006A3B58 /* Base */ = {isa = PBXFileReference; lastKnownFileType = file.storyboard; name = Base; path = Base.lproj/LaunchScreen.storyboard; sourceTree = "<group>"; };
		56F8158521426454006A3B58 /* Info.plist */ = {isa = PBXFileReference; lastKnownFileType = text.plist.xml; path = Info.plist; sourceTree = "<group>"; };
		62AFB26F3BE46F47865C2231 /* Pods-RJRxSwift.release.xcconfig */ = {isa = PBXFileReference; includeInIndex = 1; lastKnownFileType = text.xcconfig; name = "Pods-RJRxSwift.release.xcconfig"; path = "Target Support Files/Pods-RJRxSwift/Pods-RJRxSwift.release.xcconfig"; sourceTree = "<group>"; };
		D823244C6F475BD33C1B1A04 /* Pods-RJRxSwift.debug.xcconfig */ = {isa = PBXFileReference; includeInIndex = 1; lastKnownFileType = text.xcconfig; name = "Pods-RJRxSwift.debug.xcconfig"; path = "Target Support Files/Pods-RJRxSwift/Pods-RJRxSwift.debug.xcconfig"; sourceTree = "<group>"; };
/* End PBXFileReference section */

/* Begin PBXFrameworksBuildPhase section */
		56F8157321426453006A3B58 /* Frameworks */ = {
			isa = PBXFrameworksBuildPhase;
			buildActionMask = 2147483647;
			files = (
				1DD4361834265BB45B8DAFFC /* Pods_RJRxSwift.framework in Frameworks */,
			);
			runOnlyForDeploymentPostprocessing = 0;
		};
/* End PBXFrameworksBuildPhase section */

/* Begin PBXGroup section */
		042B1D297F4F3B96125AA376 /* Pods */ = {
			isa = PBXGroup;
			children = (
				D823244C6F475BD33C1B1A04 /* Pods-RJRxSwift.debug.xcconfig */,
				62AFB26F3BE46F47865C2231 /* Pods-RJRxSwift.release.xcconfig */,
			);
			path = Pods;
			sourceTree = "<group>";
		};
		4F2BB374B7C29B1C5892F00D /* Frameworks */ = {
			isa = PBXGroup;
			children = (
				305BB9D237E9D3DE1B41CEDF /* Pods_RJRxSwift.framework */,
			);
			name = Frameworks;
			sourceTree = "<group>";
		};
		56316D9A21786719000893D9 /* View */ = {
			isa = PBXGroup;
			children = (
				56316D9E2178679B000893D9 /* Cell */,
				56316D9D21786734000893D9 /* Controller */,
			);
			path = View;
			sourceTree = "<group>";
		};
		56316D9B2178671E000893D9 /* ViewModel */ = {
			isa = PBXGroup;
			children = (
				56316DA121786EE6000893D9 /* TodoViewModel.swift */,
			);
			path = ViewModel;
			sourceTree = "<group>";
		};
		56316D9C21786725000893D9 /* Model */ = {
			isa = PBXGroup;
			children = (
			);
			path = Model;
			sourceTree = "<group>";
		};
		56316D9D21786734000893D9 /* Controller */ = {
			isa = PBXGroup;
			children = (
				56F8157B21426453006A3B58 /* MainViewController.swift */,
			);
			path = Controller;
			sourceTree = "<group>";
		};
		56316D9E2178679B000893D9 /* Cell */ = {
			isa = PBXGroup;
			children = (
				56316D9F21786863000893D9 /* TodoItemTableViewCell.swift */,
			);
			path = Cell;
			sourceTree = "<group>";
		};
		56F8156D21426453006A3B58 = {
			isa = PBXGroup;
			children = (
				56F8157821426453006A3B58 /* RJRxSwift */,
				56F8157721426453006A3B58 /* Products */,
				042B1D297F4F3B96125AA376 /* Pods */,
				4F2BB374B7C29B1C5892F00D /* Frameworks */,
			);
			sourceTree = "<group>";
		};
		56F8157721426453006A3B58 /* Products */ = {
			isa = PBXGroup;
			children = (
				56F8157621426453006A3B58 /* RJRxSwift.app */,
			);
			name = Products;
			sourceTree = "<group>";
		};
		56F8157821426453006A3B58 /* RJRxSwift */ = {
			isa = PBXGroup;
			children = (
				56F8157921426453006A3B58 /* AppDelegate.swift */,
				56CF1855214F84F300D7D3C5 /* TableViewModel.swift */,
				56316D9C21786725000893D9 /* Model */,
				56316D9A21786719000893D9 /* View */,
				56316D9B2178671E000893D9 /* ViewModel */,
				56F8157D21426453006A3B58 /* Main.storyboard */,
				56F8158021426454006A3B58 /* Assets.xcassets */,
				56F8158221426454006A3B58 /* LaunchScreen.storyboard */,
				56F8158521426454006A3B58 /* Info.plist */,
			);
			path = RJRxSwift;
			sourceTree = "<group>";
		};
/* End PBXGroup section */

/* Begin PBXNativeTarget section */
		56F8157521426453006A3B58 /* RJRxSwift */ = {
			isa = PBXNativeTarget;
			buildConfigurationList = 56F8158821426454006A3B58 /* Build configuration list for PBXNativeTarget "RJRxSwift" */;
			buildPhases = (
				6C93B61C53D95F53F047E5E7 /* [CP] Check Pods Manifest.lock */,
				56F8157221426453006A3B58 /* Sources */,
				56F8157321426453006A3B58 /* Frameworks */,
				56F8157421426453006A3B58 /* Resources */,
				F1675D550669F0BAC1CA851B /* [CP] Embed Pods Frameworks */,
			);
			buildRules = (
			);
			dependencies = (
			);
			name = RJRxSwift;
			productName = RJRxSwift;
			productReference = 56F8157621426453006A3B58 /* RJRxSwift.app */;
			productType = "com.apple.product-type.application";
		};
/* End PBXNativeTarget section */

/* Begin PBXProject section */
		56F8156E21426453006A3B58 /* Project object */ = {
			isa = PBXProject;
			attributes = {
				LastSwiftUpdateCheck = 0940;
				LastUpgradeCheck = 0940;
				ORGANIZATIONNAME = JAEJIN;
				TargetAttributes = {
					56F8157521426453006A3B58 = {
						CreatedOnToolsVersion = 9.4.1;
						LastSwiftMigration = 1000;
					};
				};
			};
			buildConfigurationList = 56F8157121426453006A3B58 /* Build configuration list for PBXProject "RJRxSwift" */;
			compatibilityVersion = "Xcode 9.3";
			developmentRegion = en;
			hasScannedForEncodings = 0;
			knownRegions = (
				en,
				Base,
			);
			mainGroup = 56F8156D21426453006A3B58;
			productRefGroup = 56F8157721426453006A3B58 /* Products */;
			projectDirPath = "";
			projectRoot = "";
			targets = (
				56F8157521426453006A3B58 /* RJRxSwift */,
			);
		};
/* End PBXProject section */

/* Begin PBXResourcesBuildPhase section */
		56F8157421426453006A3B58 /* Resources */ = {
			isa = PBXResourcesBuildPhase;
			buildActionMask = 2147483647;
			files = (
				56F8158421426454006A3B58 /* LaunchScreen.storyboard in Resources */,
				56F8158121426454006A3B58 /* Assets.xcassets in Resources */,
				56F8157F21426453006A3B58 /* Main.storyboard in Resources */,
			);
			runOnlyForDeploymentPostprocessing = 0;
		};
/* End PBXResourcesBuildPhase section */

/* Begin PBXShellScriptBuildPhase section */
		6C93B61C53D95F53F047E5E7 /* [CP] Check Pods Manifest.lock */ = {
			isa = PBXShellScriptBuildPhase;
			buildActionMask = 2147483647;
			files = (
			);
			inputPaths = (
				"${PODS_PODFILE_DIR_PATH}/Podfile.lock",
				"${PODS_ROOT}/Manifest.lock",
			);
			name = "[CP] Check Pods Manifest.lock";
			outputPaths = (
				"$(DERIVED_FILE_DIR)/Pods-RJRxSwift-checkManifestLockResult.txt",
			);
			runOnlyForDeploymentPostprocessing = 0;
			shellPath = /bin/sh;
			shellScript = "diff \"${PODS_PODFILE_DIR_PATH}/Podfile.lock\" \"${PODS_ROOT}/Manifest.lock\" > /dev/null\nif [ $? != 0 ] ; then\n    # print error to STDERR\n    echo \"error: The sandbox is not in sync with the Podfile.lock. Run 'pod install' or update your CocoaPods installation.\" >&2\n    exit 1\nfi\n# This output is used by Xcode 'outputs' to avoid re-running this script phase.\necho \"SUCCESS\" > \"${SCRIPT_OUTPUT_FILE_0}\"\n";
			showEnvVarsInLog = 0;
		};
		F1675D550669F0BAC1CA851B /* [CP] Embed Pods Frameworks */ = {
			isa = PBXShellScriptBuildPhase;
			buildActionMask = 2147483647;
			files = (
			);
			inputPaths = (
				"${PODS_ROOT}/Target Support Files/Pods-RJRxSwift/Pods-RJRxSwift-frameworks.sh",
				"${BUILT_PRODUCTS_DIR}/Alamofire/Alamofire.framework",
				"${BUILT_PRODUCTS_DIR}/Differentiator/Differentiator.framework",
				"${BUILT_PRODUCTS_DIR}/RxAlamofire/RxAlamofire.framework",
				"${BUILT_PRODUCTS_DIR}/RxCocoa/RxCocoa.framework",
				"${BUILT_PRODUCTS_DIR}/RxDataSources/RxDataSources.framework",
				"${BUILT_PRODUCTS_DIR}/RxGesture/RxGesture.framework",
				"${BUILT_PRODUCTS_DIR}/RxSwift/RxSwift.framework",
				"${BUILT_PRODUCTS_DIR}/SnapKit/SnapKit.framework",
				"${BUILT_PRODUCTS_DIR}/Then/Then.framework",
			);
			name = "[CP] Embed Pods Frameworks";
			outputPaths = (
				"${TARGET_BUILD_DIR}/${FRAMEWORKS_FOLDER_PATH}/Alamofire.framework",
				"${TARGET_BUILD_DIR}/${FRAMEWORKS_FOLDER_PATH}/Differentiator.framework",
				"${TARGET_BUILD_DIR}/${FRAMEWORKS_FOLDER_PATH}/RxAlamofire.framework",
				"${TARGET_BUILD_DIR}/${FRAMEWORKS_FOLDER_PATH}/RxCocoa.framework",
				"${TARGET_BUILD_DIR}/${FRAMEWORKS_FOLDER_PATH}/RxDataSources.framework",
				"${TARGET_BUILD_DIR}/${FRAMEWORKS_FOLDER_PATH}/RxGesture.framework",
				"${TARGET_BUILD_DIR}/${FRAMEWORKS_FOLDER_PATH}/RxSwift.framework",
				"${TARGET_BUILD_DIR}/${FRAMEWORKS_FOLDER_PATH}/SnapKit.framework",
				"${TARGET_BUILD_DIR}/${FRAMEWORKS_FOLDER_PATH}/Then.framework",
			);
			runOnlyForDeploymentPostprocessing = 0;
			shellPath = /bin/sh;
			shellScript = "\"${PODS_ROOT}/Target Support Files/Pods-RJRxSwift/Pods-RJRxSwift-frameworks.sh\"\n";
			showEnvVarsInLog = 0;
		};
/* End PBXShellScriptBuildPhase section */

/* Begin PBXSourcesBuildPhase section */
		56F8157221426453006A3B58 /* Sources */ = {
			isa = PBXSourcesBuildPhase;
			buildActionMask = 2147483647;
			files = (
				56CF1856214F84F300D7D3C5 /* TableViewModel.swift in Sources */,
				56F8157C21426453006A3B58 /* MainViewController.swift in Sources */,
				56316DA021786863000893D9 /* TodoItemTableViewCell.swift in Sources */,
				56316DA221786EE6000893D9 /* TodoViewModel.swift in Sources */,
				56F8157A21426453006A3B58 /* AppDelegate.swift in Sources */,
			);
			runOnlyForDeploymentPostprocessing = 0;
		};
/* End PBXSourcesBuildPhase section */

/* Begin PBXVariantGroup section */
		56F8157D21426453006A3B58 /* Main.storyboard */ = {
			isa = PBXVariantGroup;
			children = (
				56F8157E21426453006A3B58 /* Base */,
			);
			name = Main.storyboard;
			sourceTree = "<group>";
		};
		56F8158221426454006A3B58 /* LaunchScreen.storyboard */ = {
			isa = PBXVariantGroup;
			children = (
				56F8158321426454006A3B58 /* Base */,
			);
			name = LaunchScreen.storyboard;
			sourceTree = "<group>";
		};
/* End PBXVariantGroup section */

/* Begin XCBuildConfiguration section */
		56F8158621426454006A3B58 /* Debug */ = {
			isa = XCBuildConfiguration;
			buildSettings = {
				ALWAYS_SEARCH_USER_PATHS = NO;
				CLANG_ANALYZER_NONNULL = YES;
				CLANG_ANALYZER_NUMBER_OBJECT_CONVERSION = YES_AGGRESSIVE;
				CLANG_CXX_LANGUAGE_STANDARD = "gnu++14";
				CLANG_CXX_LIBRARY = "libc++";
				CLANG_ENABLE_MODULES = YES;
				CLANG_ENABLE_OBJC_ARC = YES;
				CLANG_ENABLE_OBJC_WEAK = YES;
				CLANG_WARN_BLOCK_CAPTURE_AUTORELEASING = YES;
				CLANG_WARN_BOOL_CONVERSION = YES;
				CLANG_WARN_COMMA = YES;
				CLANG_WARN_CONSTANT_CONVERSION = YES;
				CLANG_WARN_DEPRECATED_OBJC_IMPLEMENTATIONS = YES;
				CLANG_WARN_DIRECT_OBJC_ISA_USAGE = YES_ERROR;
				CLANG_WARN_DOCUMENTATION_COMMENTS = YES;
				CLANG_WARN_EMPTY_BODY = YES;
				CLANG_WARN_ENUM_CONVERSION = YES;
				CLANG_WARN_INFINITE_RECURSION = YES;
				CLANG_WARN_INT_CONVERSION = YES;
				CLANG_WARN_NON_LITERAL_NULL_CONVERSION = YES;
				CLANG_WARN_OBJC_IMPLICIT_RETAIN_SELF = YES;
				CLANG_WARN_OBJC_LITERAL_CONVERSION = YES;
				CLANG_WARN_OBJC_ROOT_CLASS = YES_ERROR;
				CLANG_WARN_RANGE_LOOP_ANALYSIS = YES;
				CLANG_WARN_STRICT_PROTOTYPES = YES;
				CLANG_WARN_SUSPICIOUS_MOVE = YES;
				CLANG_WARN_UNGUARDED_AVAILABILITY = YES_AGGRESSIVE;
				CLANG_WARN_UNREACHABLE_CODE = YES;
				CLANG_WARN__DUPLICATE_METHOD_MATCH = YES;
				CODE_SIGN_IDENTITY = "iPhone Developer";
				COPY_PHASE_STRIP = NO;
				DEBUG_INFORMATION_FORMAT = dwarf;
				ENABLE_STRICT_OBJC_MSGSEND = YES;
				ENABLE_TESTABILITY = YES;
				GCC_C_LANGUAGE_STANDARD = gnu11;
				GCC_DYNAMIC_NO_PIC = NO;
				GCC_NO_COMMON_BLOCKS = YES;
				GCC_OPTIMIZATION_LEVEL = 0;
				GCC_PREPROCESSOR_DEFINITIONS = (
					"DEBUG=1",
					"$(inherited)",
				);
				GCC_WARN_64_TO_32_BIT_CONVERSION = YES;
				GCC_WARN_ABOUT_RETURN_TYPE = YES_ERROR;
				GCC_WARN_UNDECLARED_SELECTOR = YES;
				GCC_WARN_UNINITIALIZED_AUTOS = YES_AGGRESSIVE;
				GCC_WARN_UNUSED_FUNCTION = YES;
				GCC_WARN_UNUSED_VARIABLE = YES;
				IPHONEOS_DEPLOYMENT_TARGET = 11.4;
				MTL_ENABLE_DEBUG_INFO = YES;
				ONLY_ACTIVE_ARCH = YES;
				SDKROOT = iphoneos;
				SWIFT_ACTIVE_COMPILATION_CONDITIONS = DEBUG;
				SWIFT_OPTIMIZATION_LEVEL = "-Onone";
			};
			name = Debug;
		};
		56F8158721426454006A3B58 /* Release */ = {
			isa = XCBuildConfiguration;
			buildSettings = {
				ALWAYS_SEARCH_USER_PATHS = NO;
				CLANG_ANALYZER_NONNULL = YES;
				CLANG_ANALYZER_NUMBER_OBJECT_CONVERSION = YES_AGGRESSIVE;
				CLANG_CXX_LANGUAGE_STANDARD = "gnu++14";
				CLANG_CXX_LIBRARY = "libc++";
				CLANG_ENABLE_MODULES = YES;
				CLANG_ENABLE_OBJC_ARC = YES;
				CLANG_ENABLE_OBJC_WEAK = YES;
				CLANG_WARN_BLOCK_CAPTURE_AUTORELEASING = YES;
				CLANG_WARN_BOOL_CONVERSION = YES;
				CLANG_WARN_COMMA = YES;
				CLANG_WARN_CONSTANT_CONVERSION = YES;
				CLANG_WARN_DEPRECATED_OBJC_IMPLEMENTATIONS = YES;
				CLANG_WARN_DIRECT_OBJC_ISA_USAGE = YES_ERROR;
				CLANG_WARN_DOCUMENTATION_COMMENTS = YES;
				CLANG_WARN_EMPTY_BODY = YES;
				CLANG_WARN_ENUM_CONVERSION = YES;
				CLANG_WARN_INFINITE_RECURSION = YES;
				CLANG_WARN_INT_CONVERSION = YES;
				CLANG_WARN_NON_LITERAL_NULL_CONVERSION = YES;
				CLANG_WARN_OBJC_IMPLICIT_RETAIN_SELF = YES;
				CLANG_WARN_OBJC_LITERAL_CONVERSION = YES;
				CLANG_WARN_OBJC_ROOT_CLASS = YES_ERROR;
				CLANG_WARN_RANGE_LOOP_ANALYSIS = YES;
				CLANG_WARN_STRICT_PROTOTYPES = YES;
				CLANG_WARN_SUSPICIOUS_MOVE = YES;
				CLANG_WARN_UNGUARDED_AVAILABILITY = YES_AGGRESSIVE;
				CLANG_WARN_UNREACHABLE_CODE = YES;
				CLANG_WARN__DUPLICATE_METHOD_MATCH = YES;
				CODE_SIGN_IDENTITY = "iPhone Developer";
				COPY_PHASE_STRIP = NO;
				DEBUG_INFORMATION_FORMAT = "dwarf-with-dsym";
				ENABLE_NS_ASSERTIONS = NO;
				ENABLE_STRICT_OBJC_MSGSEND = YES;
				GCC_C_LANGUAGE_STANDARD = gnu11;
				GCC_NO_COMMON_BLOCKS = YES;
				GCC_WARN_64_TO_32_BIT_CONVERSION = YES;
				GCC_WARN_ABOUT_RETURN_TYPE = YES_ERROR;
				GCC_WARN_UNDECLARED_SELECTOR = YES;
				GCC_WARN_UNINITIALIZED_AUTOS = YES_AGGRESSIVE;
				GCC_WARN_UNUSED_FUNCTION = YES;
				GCC_WARN_UNUSED_VARIABLE = YES;
				IPHONEOS_DEPLOYMENT_TARGET = 11.4;
				MTL_ENABLE_DEBUG_INFO = NO;
				SDKROOT = iphoneos;
				SWIFT_COMPILATION_MODE = wholemodule;
				SWIFT_OPTIMIZATION_LEVEL = "-O";
				VALIDATE_PRODUCT = YES;
			};
			name = Release;
		};
		56F8158921426454006A3B58 /* Debug */ = {
			isa = XCBuildConfiguration;
			baseConfigurationReference = D823244C6F475BD33C1B1A04 /* Pods-RJRxSwift.debug.xcconfig */;
			buildSettings = {
				ASSETCATALOG_COMPILER_APPICON_NAME = AppIcon;
				CODE_SIGN_STYLE = Automatic;
				DEVELOPMENT_TEAM = 64NX5H9B23;
				INFOPLIST_FILE = RJRxSwift/Info.plist;
				LD_RUNPATH_SEARCH_PATHS = (
					"$(inherited)",
					"@executable_path/Frameworks",
				);
				PRODUCT_BUNDLE_IDENTIFIER = com.jaejin.RJRxSwift;
				PRODUCT_NAME = "$(TARGET_NAME)";
				SWIFT_VERSION = 4.2;
				TARGETED_DEVICE_FAMILY = 1;
			};
			name = Debug;
		};
		56F8158A21426454006A3B58 /* Release */ = {
			isa = XCBuildConfiguration;
			baseConfigurationReference = 62AFB26F3BE46F47865C2231 /* Pods-RJRxSwift.release.xcconfig */;
			buildSettings = {
				ASSETCATALOG_COMPILER_APPICON_NAME = AppIcon;
				CODE_SIGN_STYLE = Automatic;
				DEVELOPMENT_TEAM = 64NX5H9B23;
				INFOPLIST_FILE = RJRxSwift/Info.plist;
				LD_RUNPATH_SEARCH_PATHS = (
					"$(inherited)",
					"@executable_path/Frameworks",
				);
				PRODUCT_BUNDLE_IDENTIFIER = com.jaejin.RJRxSwift;
				PRODUCT_NAME = "$(TARGET_NAME)";
				SWIFT_VERSION = 4.2;
				TARGETED_DEVICE_FAMILY = 1;
			};
			name = Release;
		};
/* End XCBuildConfiguration section */

/* Begin XCConfigurationList section */
		56F8157121426453006A3B58 /* Build configuration list for PBXProject "RJRxSwift" */ = {
			isa = XCConfigurationList;
			buildConfigurations = (
				56F8158621426454006A3B58 /* Debug */,
				56F8158721426454006A3B58 /* Release */,
			);
			defaultConfigurationIsVisible = 0;
			defaultConfigurationName = Release;
		};
		56F8158821426454006A3B58 /* Build configuration list for PBXNativeTarget "RJRxSwift" */ = {
			isa = XCConfigurationList;
			buildConfigurations = (
				56F8158921426454006A3B58 /* Debug */,
				56F8158A21426454006A3B58 /* Release */,
			);
			defaultConfigurationIsVisible = 0;
			defaultConfigurationName = Release;
		};
/* End XCConfigurationList section */
	};
	rootObject = 56F8156E21426453006A3B58 /* Project object */;
}
